// !$*UTF8*$!
{
	archiveVersion = 1;
	classes = {
	};
	objectVersion = 48;
	objects = {

/* Begin PBXBuildFile section */
		600303EA1F7AFF4D005D6205 /* AppDelegate.swift in Sources */ = {isa = PBXBuildFile; fileRef = 600303E91F7AFF4D005D6205 /* AppDelegate.swift */; };
		600303EC1F7AFF4D005D6205 /* ViewController.swift in Sources */ = {isa = PBXBuildFile; fileRef = 600303EB1F7AFF4D005D6205 /* ViewController.swift */; };
		600303EF1F7AFF4D005D6205 /* Main.storyboard in Resources */ = {isa = PBXBuildFile; fileRef = 600303ED1F7AFF4D005D6205 /* Main.storyboard */; };
		600303F11F7AFF4D005D6205 /* Assets.xcassets in Resources */ = {isa = PBXBuildFile; fileRef = 600303F01F7AFF4D005D6205 /* Assets.xcassets */; };
		600303F41F7AFF4D005D6205 /* LaunchScreen.storyboard in Resources */ = {isa = PBXBuildFile; fileRef = 600303F21F7AFF4D005D6205 /* LaunchScreen.storyboard */; };
		600303FF1F7AFF4D005D6205 /* TwitterTests.swift in Sources */ = {isa = PBXBuildFile; fileRef = 600303FE1F7AFF4D005D6205 /* TwitterTests.swift */; };
		6003040A1F7AFF4D005D6205 /* TwitterUITests.swift in Sources */ = {isa = PBXBuildFile; fileRef = 600304091F7AFF4D005D6205 /* TwitterUITests.swift */; };
/* End PBXBuildFile section */

/* Begin PBXContainerItemProxy section */
		600303FB1F7AFF4D005D6205 /* PBXContainerItemProxy */ = {
			isa = PBXContainerItemProxy;
			containerPortal = 600303DE1F7AFF4D005D6205 /* Project object */;
			proxyType = 1;
			remoteGlobalIDString = 600303E51F7AFF4D005D6205;
			remoteInfo = Twitter;
		};
		600304061F7AFF4D005D6205 /* PBXContainerItemProxy */ = {
			isa = PBXContainerItemProxy;
			containerPortal = 600303DE1F7AFF4D005D6205 /* Project object */;
			proxyType = 1;
			remoteGlobalIDString = 600303E51F7AFF4D005D6205;
			remoteInfo = Twitter;
		};
/* End PBXContainerItemProxy section */

/* Begin PBXFileReference section */
		600303E61F7AFF4D005D6205 /* Twitter.app */ = {isa = PBXFileReference; explicitFileType = wrapper.application; includeInIndex = 0; path = Twitter.app; sourceTree = BUILT_PRODUCTS_DIR; };
		600303E91F7AFF4D005D6205 /* AppDelegate.swift */ = {isa = PBXFileReference; lastKnownFileType = sourcecode.swift; path = AppDelegate.swift; sourceTree = "<group>"; };
		600303EB1F7AFF4D005D6205 /* ViewController.swift */ = {isa = PBXFileReference; lastKnownFileType = sourcecode.swift; path = ViewController.swift; sourceTree = "<group>"; };
		600303EE1F7AFF4D005D6205 /* Base */ = {isa = PBXFileReference; lastKnownFileType = file.storyboard; name = Base; path = Base.lproj/Main.storyboard; sourceTree = "<group>"; };
		600303F01F7AFF4D005D6205 /* Assets.xcassets */ = {isa = PBXFileReference; lastKnownFileType = folder.assetcatalog; path = Assets.xcassets; sourceTree = "<group>"; };
		600303F31F7AFF4D005D6205 /* Base */ = {isa = PBXFileReference; lastKnownFileType = file.storyboard; name = Base; path = Base.lproj/LaunchScreen.storyboard; sourceTree = "<group>"; };
		600303F51F7AFF4D005D6205 /* Info.plist */ = {isa = PBXFileReference; lastKnownFileType = text.plist.xml; path = Info.plist; sourceTree = "<group>"; };
		600303FA1F7AFF4D005D6205 /* TwitterTests.xctest */ = {isa = PBXFileReference; explicitFileType = wrapper.cfbundle; includeInIndex = 0; path = TwitterTests.xctest; sourceTree = BUILT_PRODUCTS_DIR; };
		600303FE1F7AFF4D005D6205 /* TwitterTests.swift */ = {isa = PBXFileReference; lastKnownFileType = sourcecode.swift; path = TwitterTests.swift; sourceTree = "<group>"; };
		600304001F7AFF4D005D6205 /* Info.plist */ = {isa = PBXFileReference; lastKnownFileType = text.plist.xml; path = Info.plist; sourceTree = "<group>"; };
		600304051F7AFF4D005D6205 /* TwitterUITests.xctest */ = {isa = PBXFileReference; explicitFileType = wrapper.cfbundle; includeInIndex = 0; path = TwitterUITests.xctest; sourceTree = BUILT_PRODUCTS_DIR; };
		600304091F7AFF4D005D6205 /* TwitterUITests.swift */ = {isa = PBXFileReference; lastKnownFileType = sourcecode.swift; path = TwitterUITests.swift; sourceTree = "<group>"; };
		6003040B1F7AFF4D005D6205 /* Info.plist */ = {isa = PBXFileReference; lastKnownFileType = text.plist.xml; path = Info.plist; sourceTree = "<group>"; };
/* End PBXFileReference section */

/* Begin PBXFrameworksBuildPhase section */
		600303E31F7AFF4D005D6205 /* Frameworks */ = {
			isa = PBXFrameworksBuildPhase;
			buildActionMask = 2147483647;
			files = (
			);
			runOnlyForDeploymentPostprocessing = 0;
		};
		600303F71F7AFF4D005D6205 /* Frameworks */ = {
			isa = PBXFrameworksBuildPhase;
			buildActionMask = 2147483647;
			files = (
			);
			runOnlyForDeploymentPostprocessing = 0;
		};
		600304021F7AFF4D005D6205 /* Frameworks */ = {
			isa = PBXFrameworksBuildPhase;
			buildActionMask = 2147483647;
			files = (
			);
			runOnlyForDeploymentPostprocessing = 0;
		};
/* End PBXFrameworksBuildPhase section */

/* Begin PBXGroup section */
		600303DD1F7AFF4D005D6205 = {
			isa = PBXGroup;
			children = (
				600303E81F7AFF4D005D6205 /* Twitter */,
				600303FD1F7AFF4D005D6205 /* TwitterTests */,
				600304081F7AFF4D005D6205 /* TwitterUITests */,
				600303E71F7AFF4D005D6205 /* Products */,
			);
			sourceTree = "<group>";
		};
		600303E71F7AFF4D005D6205 /* Products */ = {
			isa = PBXGroup;
			children = (
				600303E61F7AFF4D005D6205 /* Twitter.app */,
				600303FA1F7AFF4D005D6205 /* TwitterTests.xctest */,
				600304051F7AFF4D005D6205 /* TwitterUITests.xctest */,
			);
			name = Products;
			sourceTree = "<group>";
		};
		600303E81F7AFF4D005D6205 /* Twitter */ = {
			isa = PBXGroup;
			children = (
				600303E91F7AFF4D005D6205 /* AppDelegate.swift */,
				600303EB1F7AFF4D005D6205 /* ViewController.swift */,
				600303ED1F7AFF4D005D6205 /* Main.storyboard */,
				600303F01F7AFF4D005D6205 /* Assets.xcassets */,
				600303F21F7AFF4D005D6205 /* LaunchScreen.storyboard */,
				600303F51F7AFF4D005D6205 /* Info.plist */,
			);
			path = Twitter;
			sourceTree = "<group>";
		};
		600303FD1F7AFF4D005D6205 /* TwitterTests */ = {
			isa = PBXGroup;
			children = (
				600303FE1F7AFF4D005D6205 /* TwitterTests.swift */,
				600304001F7AFF4D005D6205 /* Info.plist */,
			);
			path = TwitterTests;
			sourceTree = "<group>";
		};
		600304081F7AFF4D005D6205 /* TwitterUITests */ = {
			isa = PBXGroup;
			children = (
				600304091F7AFF4D005D6205 /* TwitterUITests.swift */,
				6003040B1F7AFF4D005D6205 /* Info.plist */,
			);
			path = TwitterUITests;
			sourceTree = "<group>";
		};
/* End PBXGroup section */

/* Begin PBXNativeTarget section */
		600303E51F7AFF4D005D6205 /* Twitter */ = {
			isa = PBXNativeTarget;
			buildConfigurationList = 6003040E1F7AFF4D005D6205 /* Build configuration list for PBXNativeTarget "Twitter" */;
			buildPhases = (
				600303E21F7AFF4D005D6205 /* Sources */,
				600303E31F7AFF4D005D6205 /* Frameworks */,
				600303E41F7AFF4D005D6205 /* Resources */,
			);
			buildRules = (
			);
			dependencies = (
			);
			name = Twitter;
			productName = Twitter;
			productReference = 600303E61F7AFF4D005D6205 /* Twitter.app */;
			productType = "com.apple.product-type.application";
		};
		600303F91F7AFF4D005D6205 /* TwitterTests */ = {
			isa = PBXNativeTarget;
			buildConfigurationList = 600304111F7AFF4D005D6205 /* Build configuration list for PBXNativeTarget "TwitterTests" */;
			buildPhases = (
				600303F61F7AFF4D005D6205 /* Sources */,
				600303F71F7AFF4D005D6205 /* Frameworks */,
				600303F81F7AFF4D005D6205 /* Resources */,
			);
			buildRules = (
			);
			dependencies = (
				600303FC1F7AFF4D005D6205 /* PBXTargetDependency */,
			);
			name = TwitterTests;
			productName = TwitterTests;
			productReference = 600303FA1F7AFF4D005D6205 /* TwitterTests.xctest */;
			productType = "com.apple.product-type.bundle.unit-test";
		};
		600304041F7AFF4D005D6205 /* TwitterUITests */ = {
			isa = PBXNativeTarget;
			buildConfigurationList = 600304141F7AFF4D005D6205 /* Build configuration list for PBXNativeTarget "TwitterUITests" */;
			buildPhases = (
				600304011F7AFF4D005D6205 /* Sources */,
				600304021F7AFF4D005D6205 /* Frameworks */,
				600304031F7AFF4D005D6205 /* Resources */,
			);
			buildRules = (
			);
			dependencies = (
				600304071F7AFF4D005D6205 /* PBXTargetDependency */,
			);
			name = TwitterUITests;
			productName = TwitterUITests;
			productReference = 600304051F7AFF4D005D6205 /* TwitterUITests.xctest */;
			productType = "com.apple.product-type.bundle.ui-testing";
		};
/* End PBXNativeTarget section */

/* Begin PBXProject section */
		600303DE1F7AFF4D005D6205 /* Project object */ = {
			isa = PBXProject;
			attributes = {
				LastSwiftUpdateCheck = 0900;
				LastUpgradeCheck = 0900;
				ORGANIZATIONNAME = "Xiang Yu";
				TargetAttributes = {
					600303E51F7AFF4D005D6205 = {
						CreatedOnToolsVersion = 9.0;
						ProvisioningStyle = Automatic;
					};
					600303F91F7AFF4D005D6205 = {
						CreatedOnToolsVersion = 9.0;
						ProvisioningStyle = Automatic;
						TestTargetID = 600303E51F7AFF4D005D6205;
					};
					600304041F7AFF4D005D6205 = {
						CreatedOnToolsVersion = 9.0;
						ProvisioningStyle = Automatic;
						TestTargetID = 600303E51F7AFF4D005D6205;
					};
				};
			};
			buildConfigurationList = 600303E11F7AFF4D005D6205 /* Build configuration list for PBXProject "Twitter" */;
			compatibilityVersion = "Xcode 8.0";
			developmentRegion = en;
			hasScannedForEncodings = 0;
			knownRegions = (
				en,
				Base,
			);
			mainGroup = 600303DD1F7AFF4D005D6205;
			productRefGroup = 600303E71F7AFF4D005D6205 /* Products */;
			projectDirPath = "";
			projectRoot = "";
			targets = (
				600303E51F7AFF4D005D6205 /* Twitter */,
				600303F91F7AFF4D005D6205 /* TwitterTests */,
				600304041F7AFF4D005D6205 /* TwitterUITests */,
			);
		};
/* End PBXProject section */

/* Begin PBXResourcesBuildPhase section */
		600303E41F7AFF4D005D6205 /* Resources */ = {
			isa = PBXResourcesBuildPhase;
			buildActionMask = 2147483647;
			files = (
				600303F41F7AFF4D005D6205 /* LaunchScreen.storyboard in Resources */,
				600303F11F7AFF4D005D6205 /* Assets.xcassets in Resources */,
				600303EF1F7AFF4D005D6205 /* Main.storyboard in Resources */,
			);
			runOnlyForDeploymentPostprocessing = 0;
		};
		600303F81F7AFF4D005D6205 /* Resources */ = {
			isa = PBXResourcesBuildPhase;
			buildActionMask = 2147483647;
			files = (
			);
			runOnlyForDeploymentPostprocessing = 0;
		};
		600304031F7AFF4D005D6205 /* Resources */ = {
			isa = PBXResourcesBuildPhase;
			buildActionMask = 2147483647;
			files = (
			);
			runOnlyForDeploymentPostprocessing = 0;
		};
/* End PBXResourcesBuildPhase section */

/* Begin PBXSourcesBuildPhase section */
		600303E21F7AFF4D005D6205 /* Sources */ = {
			isa = PBXSourcesBuildPhase;
			buildActionMask = 2147483647;
			files = (
				600303EC1F7AFF4D005D6205 /* ViewController.swift in Sources */,
				600303EA1F7AFF4D005D6205 /* AppDelegate.swift in Sources */,
			);
			runOnlyForDeploymentPostprocessing = 0;
		};
		600303F61F7AFF4D005D6205 /* Sources */ = {
			isa = PBXSourcesBuildPhase;
			buildActionMask = 2147483647;
			files = (
				600303FF1F7AFF4D005D6205 /* TwitterTests.swift in Sources */,
			);
			runOnlyForDeploymentPostprocessing = 0;
		};
		600304011F7AFF4D005D6205 /* Sources */ = {
			isa = PBXSourcesBuildPhase;
			buildActionMask = 2147483647;
			files = (
				6003040A1F7AFF4D005D6205 /* TwitterUITests.swift in Sources */,
			);
			runOnlyForDeploymentPostprocessing = 0;
		};
/* End PBXSourcesBuildPhase section */

/* Begin PBXTargetDependency section */
		600303FC1F7AFF4D005D6205 /* PBXTargetDependency */ = {
			isa = PBXTargetDependency;
			target = 600303E51F7AFF4D005D6205 /* Twitter */;
			targetProxy = 600303FB1F7AFF4D005D6205 /* PBXContainerItemProxy */;
		};
		600304071F7AFF4D005D6205 /* PBXTargetDependency */ = {
			isa = PBXTargetDependency;
			target = 600303E51F7AFF4D005D6205 /* Twitter */;
			targetProxy = 600304061F7AFF4D005D6205 /* PBXContainerItemProxy */;
		};
/* End PBXTargetDependency section */

/* Begin PBXVariantGroup section */
		600303ED1F7AFF4D005D6205 /* Main.storyboard */ = {
			isa = PBXVariantGroup;
			children = (
				600303EE1F7AFF4D005D6205 /* Base */,
			);
			name = Main.storyboard;
			sourceTree = "<group>";
		};
		600303F21F7AFF4D005D6205 /* LaunchScreen.storyboard */ = {
			isa = PBXVariantGroup;
			children = (
				600303F31F7AFF4D005D6205 /* Base */,
			);
			name = LaunchScreen.storyboard;
			sourceTree = "<group>";
		};
/* End PBXVariantGroup section */

/* Begin XCBuildConfiguration section */
		6003040C1F7AFF4D005D6205 /* Debug */ = {
			isa = XCBuildConfiguration;
			buildSettings = {
				ALWAYS_SEARCH_USER_PATHS = NO;
				CLANG_ANALYZER_NONNULL = YES;
				CLANG_ANALYZER_NUMBER_OBJECT_CONVERSION = YES_AGGRESSIVE;
				CLANG_CXX_LANGUAGE_STANDARD = "gnu++14";
				CLANG_CXX_LIBRARY = "libc++";
				CLANG_ENABLE_MODULES = YES;
				CLANG_ENABLE_OBJC_ARC = YES;
				CLANG_WARN_BLOCK_CAPTURE_AUTORELEASING = YES;
				CLANG_WARN_BOOL_CONVERSION = YES;
				CLANG_WARN_COMMA = YES;
				CLANG_WARN_CONSTANT_CONVERSION = YES;
				CLANG_WARN_DIRECT_OBJC_ISA_USAGE = YES_ERROR;
				CLANG_WARN_DOCUMENTATION_COMMENTS = YES;
				CLANG_WARN_EMPTY_BODY = YES;
				CLANG_WARN_ENUM_CONVERSION = YES;
				CLANG_WARN_INFINITE_RECURSION = YES;
				CLANG_WARN_INT_CONVERSION = YES;
				CLANG_WARN_NON_LITERAL_NULL_CONVERSION = YES;
				CLANG_WARN_OBJC_LITERAL_CONVERSION = YES;
				CLANG_WARN_OBJC_ROOT_CLASS = YES_ERROR;
				CLANG_WARN_RANGE_LOOP_ANALYSIS = YES;
				CLANG_WARN_STRICT_PROTOTYPES = YES;
				CLANG_WARN_SUSPICIOUS_MOVE = YES;
				CLANG_WARN_UNGUARDED_AVAILABILITY = YES_AGGRESSIVE;
				CLANG_WARN_UNREACHABLE_CODE = YES;
				CLANG_WARN__DUPLICATE_METHOD_MATCH = YES;
				CODE_SIGN_IDENTITY = "iPhone Developer";
				COPY_PHASE_STRIP = NO;
				DEBUG_INFORMATION_FORMAT = dwarf;
				ENABLE_STRICT_OBJC_MSGSEND = YES;
				ENABLE_TESTABILITY = YES;
				GCC_C_LANGUAGE_STANDARD = gnu11;
				GCC_DYNAMIC_NO_PIC = NO;
				GCC_NO_COMMON_BLOCKS = YES;
				GCC_OPTIMIZATION_LEVEL = 0;
				GCC_PREPROCESSOR_DEFINITIONS = (
					"DEBUG=1",
					"$(inherited)",
				);
				GCC_WARN_64_TO_32_BIT_CONVERSION = YES;
				GCC_WARN_ABOUT_RETURN_TYPE = YES_ERROR;
				GCC_WARN_UNDECLARED_SELECTOR = YES;
				GCC_WARN_UNINITIALIZED_AUTOS = YES_AGGRESSIVE;
				GCC_WARN_UNUSED_FUNCTION = YES;
				GCC_WARN_UNUSED_VARIABLE = YES;
				IPHONEOS_DEPLOYMENT_TARGET = 11.0;
				MTL_ENABLE_DEBUG_INFO = YES;
				ONLY_ACTIVE_ARCH = YES;
				SDKROOT = iphoneos;
				SWIFT_ACTIVE_COMPILATION_CONDITIONS = DEBUG;
				SWIFT_OPTIMIZATION_LEVEL = "-Onone";
			};
			name = Debug;
		};
		6003040D1F7AFF4D005D6205 /* Release */ = {
			isa = XCBuildConfiguration;
			buildSettings = {
				ALWAYS_SEARCH_USER_PATHS = NO;
				CLANG_ANALYZER_NONNULL = YES;
				CLANG_ANALYZER_NUMBER_OBJECT_CONVERSION = YES_AGGRESSIVE;
				CLANG_CXX_LANGUAGE_STANDARD = "gnu++14";
				CLANG_CXX_LIBRARY = "libc++";
				CLANG_ENABLE_MODULES = YES;
				CLANG_ENABLE_OBJC_ARC = YES;
				CLANG_WARN_BLOCK_CAPTURE_AUTORELEASING = YES;
				CLANG_WARN_BOOL_CONVERSION = YES;
				CLANG_WARN_COMMA = YES;
				CLANG_WARN_CONSTANT_CONVERSION = YES;
				CLANG_WARN_DIRECT_OBJC_ISA_USAGE = YES_ERROR;
				CLANG_WARN_DOCUMENTATION_COMMENTS = YES;
				CLANG_WARN_EMPTY_BODY = YES;
				CLANG_WARN_ENUM_CONVERSION = YES;
				CLANG_WARN_INFINITE_RECURSION = YES;
				CLANG_WARN_INT_CONVERSION = YES;
				CLANG_WARN_NON_LITERAL_NULL_CONVERSION = YES;
				CLANG_WARN_OBJC_LITERAL_CONVERSION = YES;
				CLANG_WARN_OBJC_ROOT_CLASS = YES_ERROR;
				CLANG_WARN_RANGE_LOOP_ANALYSIS = YES;
				CLANG_WARN_STRICT_PROTOTYPES = YES;
				CLANG_WARN_SUSPICIOUS_MOVE = YES;
				CLANG_WARN_UNGUARDED_AVAILABILITY = YES_AGGRESSIVE;
				CLANG_WARN_UNREACHABLE_CODE = YES;
				CLANG_WARN__DUPLICATE_METHOD_MATCH = YES;
				CODE_SIGN_IDENTITY = "iPhone Developer";
				COPY_PHASE_STRIP = NO;
				DEBUG_INFORMATION_FORMAT = "dwarf-with-dsym";
				ENABLE_NS_ASSERTIONS = NO;
				ENABLE_STRICT_OBJC_MSGSEND = YES;
				GCC_C_LANGUAGE_STANDARD = gnu11;
				GCC_NO_COMMON_BLOCKS = YES;
				GCC_WARN_64_TO_32_BIT_CONVERSION = YES;
				GCC_WARN_ABOUT_RETURN_TYPE = YES_ERROR;
				GCC_WARN_UNDECLARED_SELECTOR = YES;
				GCC_WARN_UNINITIALIZED_AUTOS = YES_AGGRESSIVE;
				GCC_WARN_UNUSED_FUNCTION = YES;
				GCC_WARN_UNUSED_VARIABLE = YES;
				IPHONEOS_DEPLOYMENT_TARGET = 11.0;
				MTL_ENABLE_DEBUG_INFO = NO;
				SDKROOT = iphoneos;
				SWIFT_OPTIMIZATION_LEVEL = "-Owholemodule";
				VALIDATE_PRODUCT = YES;
			};
			name = Release;
		};
		6003040F1F7AFF4D005D6205 /* Debug */ = {
			isa = XCBuildConfiguration;
			buildSettings = {
				ASSETCATALOG_COMPILER_APPICON_NAME = AppIcon;
				CODE_SIGN_STYLE = Automatic;
				INFOPLIST_FILE = Twitter/Info.plist;
				LD_RUNPATH_SEARCH_PATHS = "$(inherited) @executable_path/Frameworks";
				PRODUCT_BUNDLE_IDENTIFIER = XiangYu.Twitter;
				PRODUCT_NAME = "$(TARGET_NAME)";
				SWIFT_VERSION = 4.0;
				TARGETED_DEVICE_FAMILY = "1,2";
			};
			name = Debug;
		};
		600304101F7AFF4D005D6205 /* Release */ = {
			isa = XCBuildConfiguration;
			buildSettings = {
				ASSETCATALOG_COMPILER_APPICON_NAME = AppIcon;
				CODE_SIGN_STYLE = Automatic;
				INFOPLIST_FILE = Twitter/Info.plist;
				LD_RUNPATH_SEARCH_PATHS = "$(inherited) @executable_path/Frameworks";
				PRODUCT_BUNDLE_IDENTIFIER = XiangYu.Twitter;
				PRODUCT_NAME = "$(TARGET_NAME)";
				SWIFT_VERSION = 4.0;
				TARGETED_DEVICE_FAMILY = "1,2";
			};
			name = Release;
		};
		600304121F7AFF4D005D6205 /* Debug */ = {
			isa = XCBuildConfiguration;
			buildSettings = {
				ALWAYS_EMBED_SWIFT_STANDARD_LIBRARIES = YES;
				BUNDLE_LOADER = "$(TEST_HOST)";
				CODE_SIGN_STYLE = Automatic;
				INFOPLIST_FILE = TwitterTests/Info.plist;
				LD_RUNPATH_SEARCH_PATHS = "$(inherited) @executable_path/Frameworks @loader_path/Frameworks";
				PRODUCT_BUNDLE_IDENTIFIER = XiangYu.TwitterTests;
				PRODUCT_NAME = "$(TARGET_NAME)";
				SWIFT_VERSION = 4.0;
				TARGETED_DEVICE_FAMILY = "1,2";
				TEST_HOST = "$(BUILT_PRODUCTS_DIR)/Twitter.app/Twitter";
			};
			name = Debug;
		};
		600304131F7AFF4D005D6205 /* Release */ = {
			isa = XCBuildConfiguration;
			buildSettings = {
				ALWAYS_EMBED_SWIFT_STANDARD_LIBRARIES = YES;
				BUNDLE_LOADER = "$(TEST_HOST)";
				CODE_SIGN_STYLE = Automatic;
				INFOPLIST_FILE = TwitterTests/Info.plist;
				LD_RUNPATH_SEARCH_PATHS = "$(inherited) @executable_path/Frameworks @loader_path/Frameworks";
				PRODUCT_BUNDLE_IDENTIFIER = XiangYu.TwitterTests;
				PRODUCT_NAME = "$(TARGET_NAME)";
				SWIFT_VERSION = 4.0;
				TARGETED_DEVICE_FAMILY = "1,2";
				TEST_HOST = "$(BUILT_PRODUCTS_DIR)/Twitter.app/Twitter";
			};
			name = Release;
		};
		600304151F7AFF4D005D6205 /* Debug */ = {
			isa = XCBuildConfiguration;
			buildSettings = {
				ALWAYS_EMBED_SWIFT_STANDARD_LIBRARIES = YES;
				CODE_SIGN_STYLE = Automatic;
				INFOPLIST_FILE = TwitterUITests/Info.plist;
				LD_RUNPATH_SEARCH_PATHS = "$(inherited) @executable_path/Frameworks @loader_path/Frameworks";
				PRODUCT_BUNDLE_IDENTIFIER = XiangYu.TwitterUITests;
				PRODUCT_NAME = "$(TARGET_NAME)";
				SWIFT_VERSION = 4.0;
				TARGETED_DEVICE_FAMILY = "1,2";
				TEST_TARGET_NAME = Twitter;
			};
			name = Debug;
		};
		600304161F7AFF4D005D6205 /* Release */ = {
			isa = XCBuildConfiguration;
			buildSettings = {
				ALWAYS_EMBED_SWIFT_STANDARD_LIBRARIES = YES;
				CODE_SIGN_STYLE = Automatic;
				INFOPLIST_FILE = TwitterUITests/Info.plist;
				LD_RUNPATH_SEARCH_PATHS = "$(inherited) @executable_path/Frameworks @loader_path/Frameworks";
				PRODUCT_BUNDLE_IDENTIFIER = XiangYu.TwitterUITests;
				PRODUCT_NAME = "$(TARGET_NAME)";
				SWIFT_VERSION = 4.0;
				TARGETED_DEVICE_FAMILY = "1,2";
				TEST_TARGET_NAME = Twitter;
			};
			name = Release;
		};
/* End XCBuildConfiguration section */

/* Begin XCConfigurationList section */
		600303E11F7AFF4D005D6205 /* Build configuration list for PBXProject "Twitter" */ = {
			isa = XCConfigurationList;
			buildConfigurations = (
				6003040C1F7AFF4D005D6205 /* Debug */,
				6003040D1F7AFF4D005D6205 /* Release */,
			);
			defaultConfigurationIsVisible = 0;
			defaultConfigurationName = Release;
		};
		6003040E1F7AFF4D005D6205 /* Build configuration list for PBXNativeTarget "Twitter" */ = {
			isa = XCConfigurationList;
			buildConfigurations = (
				6003040F1F7AFF4D005D6205 /* Debug */,
				600304101F7AFF4D005D6205 /* Release */,
			);
			defaultConfigurationIsVisible = 0;
			defaultConfigurationName = Release;
		};
		600304111F7AFF4D005D6205 /* Build configuration list for PBXNativeTarget "TwitterTests" */ = {
			isa = XCConfigurationList;
			buildConfigurations = (
				600304121F7AFF4D005D6205 /* Debug */,
				600304131F7AFF4D005D6205 /* Release */,
			);
			defaultConfigurationIsVisible = 0;
			defaultConfigurationName = Release;
		};
		600304141F7AFF4D005D6205 /* Build configuration list for PBXNativeTarget "TwitterUITests" */ = {
			isa = XCConfigurationList;
			buildConfigurations = (
				600304151F7AFF4D005D6205 /* Debug */,
				600304161F7AFF4D005D6205 /* Release */,
			);
			defaultConfigurationIsVisible = 0;
			defaultConfigurationName = Release;
		};
/* End XCConfigurationList section */
	};
	rootObject = 600303DE1F7AFF4D005D6205 /* Project object */;
}
